// !$*UTF8*$!
{
	archiveVersion = 1;
	classes = {
	};
	objectVersion = 56;
	objects = {

/* Begin PBXBuildFile section */
		0356D3DC2AB1BB7F00E5E27B /* Config.plist in Resources */ = {isa = PBXBuildFile; fileRef = 0356D3DB2AB1BB7F00E5E27B /* Config.plist */; };
		03A86F7E2AB1A461008CCAF7 /* AppDelegate.swift in Sources */ = {isa = PBXBuildFile; fileRef = 03A86F7D2AB1A461008CCAF7 /* AppDelegate.swift */; };
		03A86F802AB1A461008CCAF7 /* SceneDelegate.swift in Sources */ = {isa = PBXBuildFile; fileRef = 03A86F7F2AB1A461008CCAF7 /* SceneDelegate.swift */; };
		03A86F822AB1A461008CCAF7 /* ViewController.swift in Sources */ = {isa = PBXBuildFile; fileRef = 03A86F812AB1A461008CCAF7 /* ViewController.swift */; };
		03A86F852AB1A461008CCAF7 /* Main.storyboard in Resources */ = {isa = PBXBuildFile; fileRef = 03A86F832AB1A461008CCAF7 /* Main.storyboard */; };
		03A86F872AB1A462008CCAF7 /* Assets.xcassets in Resources */ = {isa = PBXBuildFile; fileRef = 03A86F862AB1A462008CCAF7 /* Assets.xcassets */; };
		03A86F8A2AB1A462008CCAF7 /* LaunchScreen.storyboard in Resources */ = {isa = PBXBuildFile; fileRef = 03A86F882AB1A462008CCAF7 /* LaunchScreen.storyboard */; };
		F923216DC48AE33F27BC33C7 /* Pods_WeatherChecker.framework in Frameworks */ = {isa = PBXBuildFile; fileRef = 4A3097A2C66A386A7B271AF6 /* Pods_WeatherChecker.framework */; };
/* End PBXBuildFile section */

/* Begin PBXFileReference section */
		0356D3DB2AB1BB7F00E5E27B /* Config.plist */ = {isa = PBXFileReference; lastKnownFileType = text.plist.xml; path = Config.plist; sourceTree = "<group>"; };
		03A86F7A2AB1A461008CCAF7 /* WeatherChecker.app */ = {isa = PBXFileReference; explicitFileType = wrapper.application; includeInIndex = 0; path = WeatherChecker.app; sourceTree = BUILT_PRODUCTS_DIR; };
		03A86F7D2AB1A461008CCAF7 /* AppDelegate.swift */ = {isa = PBXFileReference; lastKnownFileType = sourcecode.swift; path = AppDelegate.swift; sourceTree = "<group>"; };
		03A86F7F2AB1A461008CCAF7 /* SceneDelegate.swift */ = {isa = PBXFileReference; lastKnownFileType = sourcecode.swift; path = SceneDelegate.swift; sourceTree = "<group>"; };
		03A86F812AB1A461008CCAF7 /* ViewController.swift */ = {isa = PBXFileReference; lastKnownFileType = sourcecode.swift; path = ViewController.swift; sourceTree = "<group>"; };
		03A86F842AB1A461008CCAF7 /* Base */ = {isa = PBXFileReference; lastKnownFileType = file.storyboard; name = Base; path = Base.lproj/Main.storyboard; sourceTree = "<group>"; };
		03A86F862AB1A462008CCAF7 /* Assets.xcassets */ = {isa = PBXFileReference; lastKnownFileType = folder.assetcatalog; path = Assets.xcassets; sourceTree = "<group>"; };
		03A86F892AB1A462008CCAF7 /* Base */ = {isa = PBXFileReference; lastKnownFileType = file.storyboard; name = Base; path = Base.lproj/LaunchScreen.storyboard; sourceTree = "<group>"; };
		03A86F8B2AB1A462008CCAF7 /* Info.plist */ = {isa = PBXFileReference; lastKnownFileType = text.plist.xml; path = Info.plist; sourceTree = "<group>"; };
		4A3097A2C66A386A7B271AF6 /* Pods_WeatherChecker.framework */ = {isa = PBXFileReference; explicitFileType = wrapper.framework; includeInIndex = 0; path = Pods_WeatherChecker.framework; sourceTree = BUILT_PRODUCTS_DIR; };
		C0CA0BB813E12ED418A76ADC /* Pods-WeatherChecker.debug.xcconfig */ = {isa = PBXFileReference; includeInIndex = 1; lastKnownFileType = text.xcconfig; name = "Pods-WeatherChecker.debug.xcconfig"; path = "Target Support Files/Pods-WeatherChecker/Pods-WeatherChecker.debug.xcconfig"; sourceTree = "<group>"; };
		DFBC34D7F2E1EA12D7DAD806 /* Pods-WeatherChecker.release.xcconfig */ = {isa = PBXFileReference; includeInIndex = 1; lastKnownFileType = text.xcconfig; name = "Pods-WeatherChecker.release.xcconfig"; path = "Target Support Files/Pods-WeatherChecker/Pods-WeatherChecker.release.xcconfig"; sourceTree = "<group>"; };
/* End PBXFileReference section */

/* Begin PBXFrameworksBuildPhase section */
		03A86F772AB1A461008CCAF7 /* Frameworks */ = {
			isa = PBXFrameworksBuildPhase;
			buildActionMask = 2147483647;
			files = (
				F923216DC48AE33F27BC33C7 /* Pods_WeatherChecker.framework in Frameworks */,
			);
			runOnlyForDeploymentPostprocessing = 0;
		};
/* End PBXFrameworksBuildPhase section */

/* Begin PBXGroup section */
		03A86F712AB1A461008CCAF7 = {
			isa = PBXGroup;
			children = (
				03A86F7C2AB1A461008CCAF7 /* WeatherChecker */,
				03A86F7B2AB1A461008CCAF7 /* Products */,
				8ACAE1A28C6E45C126DC0F67 /* Pods */,
				D02AAA26A544E9556DA3F107 /* Frameworks */,
			);
			sourceTree = "<group>";
		};
		03A86F7B2AB1A461008CCAF7 /* Products */ = {
			isa = PBXGroup;
			children = (
				03A86F7A2AB1A461008CCAF7 /* WeatherChecker.app */,
			);
			name = Products;
			sourceTree = "<group>";
		};
		03A86F7C2AB1A461008CCAF7 /* WeatherChecker */ = {
			isa = PBXGroup;
			children = (
				03A86F7D2AB1A461008CCAF7 /* AppDelegate.swift */,
				03A86F7F2AB1A461008CCAF7 /* SceneDelegate.swift */,
				03A86F812AB1A461008CCAF7 /* ViewController.swift */,
				03A86F832AB1A461008CCAF7 /* Main.storyboard */,
				03A86F862AB1A462008CCAF7 /* Assets.xcassets */,
				03A86F882AB1A462008CCAF7 /* LaunchScreen.storyboard */,
				03A86F8B2AB1A462008CCAF7 /* Info.plist */,
				0356D3DB2AB1BB7F00E5E27B /* Config.plist */,
			);
			path = WeatherChecker;
			sourceTree = "<group>";
		};
		8ACAE1A28C6E45C126DC0F67 /* Pods */ = {
			isa = PBXGroup;
			children = (
				C0CA0BB813E12ED418A76ADC /* Pods-WeatherChecker.debug.xcconfig */,
				DFBC34D7F2E1EA12D7DAD806 /* Pods-WeatherChecker.release.xcconfig */,
			);
			path = Pods;
			sourceTree = "<group>";
		};
		D02AAA26A544E9556DA3F107 /* Frameworks */ = {
			isa = PBXGroup;
			children = (
				4A3097A2C66A386A7B271AF6 /* Pods_WeatherChecker.framework */,
			);
			name = Frameworks;
			sourceTree = "<group>";
		};
/* End PBXGroup section */

/* Begin PBXNativeTarget section */
		03A86F792AB1A461008CCAF7 /* WeatherChecker */ = {
			isa = PBXNativeTarget;
			buildConfigurationList = 03A86F8E2AB1A462008CCAF7 /* Build configuration list for PBXNativeTarget "WeatherChecker" */;
			buildPhases = (
				D94316FF11AAEFD970782AC7 /* [CP] Check Pods Manifest.lock */,
				03A86F762AB1A461008CCAF7 /* Sources */,
				03A86F772AB1A461008CCAF7 /* Frameworks */,
				03A86F782AB1A461008CCAF7 /* Resources */,
				DD2A8FFF1A32374043FB8278 /* [CP] Embed Pods Frameworks */,
			);
			buildRules = (
			);
			dependencies = (
			);
			name = WeatherChecker;
			productName = WeatherChecker;
			productReference = 03A86F7A2AB1A461008CCAF7 /* WeatherChecker.app */;
			productType = "com.apple.product-type.application";
		};
/* End PBXNativeTarget section */

/* Begin PBXProject section */
		03A86F722AB1A461008CCAF7 /* Project object */ = {
			isa = PBXProject;
			attributes = {
				BuildIndependentTargetsInParallel = 1;
				LastSwiftUpdateCheck = 1430;
				LastUpgradeCheck = 1430;
				TargetAttributes = {
					03A86F792AB1A461008CCAF7 = {
						CreatedOnToolsVersion = 14.3.1;
					};
				};
			};
			buildConfigurationList = 03A86F752AB1A461008CCAF7 /* Build configuration list for PBXProject "WeatherChecker" */;
			compatibilityVersion = "Xcode 14.0";
			developmentRegion = en;
			hasScannedForEncodings = 0;
			knownRegions = (
				en,
				Base,
			);
			mainGroup = 03A86F712AB1A461008CCAF7;
			productRefGroup = 03A86F7B2AB1A461008CCAF7 /* Products */;
			projectDirPath = "";
			projectRoot = "";
			targets = (
				03A86F792AB1A461008CCAF7 /* WeatherChecker */,
			);
		};
/* End PBXProject section */

/* Begin PBXResourcesBuildPhase section */
		03A86F782AB1A461008CCAF7 /* Resources */ = {
			isa = PBXResourcesBuildPhase;
			buildActionMask = 2147483647;
			files = (
				0356D3DC2AB1BB7F00E5E27B /* Config.plist in Resources */,
				03A86F8A2AB1A462008CCAF7 /* LaunchScreen.storyboard in Resources */,
				03A86F872AB1A462008CCAF7 /* Assets.xcassets in Resources */,
				03A86F852AB1A461008CCAF7 /* Main.storyboard in Resources */,
			);
			runOnlyForDeploymentPostprocessing = 0;
		};
/* End PBXResourcesBuildPhase section */

/* Begin PBXShellScriptBuildPhase section */
		D94316FF11AAEFD970782AC7 /* [CP] Check Pods Manifest.lock */ = {
			isa = PBXShellScriptBuildPhase;
			buildActionMask = 2147483647;
			files = (
			);
			inputFileListPaths = (
			);
			inputPaths = (
				"${PODS_PODFILE_DIR_PATH}/Podfile.lock",
				"${PODS_ROOT}/Manifest.lock",
			);
			name = "[CP] Check Pods Manifest.lock";
			outputFileListPaths = (
			);
			outputPaths = (
				"$(DERIVED_FILE_DIR)/Pods-WeatherChecker-checkManifestLockResult.txt",
			);
			runOnlyForDeploymentPostprocessing = 0;
			shellPath = /bin/sh;
			shellScript = "diff \"${PODS_PODFILE_DIR_PATH}/Podfile.lock\" \"${PODS_ROOT}/Manifest.lock\" > /dev/null\nif [ $? != 0 ] ; then\n    # print error to STDERR\n    echo \"error: The sandbox is not in sync with the Podfile.lock. Run 'pod install' or update your CocoaPods installation.\" >&2\n    exit 1\nfi\n# This output is used by Xcode 'outputs' to avoid re-running this script phase.\necho \"SUCCESS\" > \"${SCRIPT_OUTPUT_FILE_0}\"\n";
			showEnvVarsInLog = 0;
		};
		DD2A8FFF1A32374043FB8278 /* [CP] Embed Pods Frameworks */ = {
			isa = PBXShellScriptBuildPhase;
			buildActionMask = 2147483647;
			files = (
			);
			inputFileListPaths = (
				"${PODS_ROOT}/Target Support Files/Pods-WeatherChecker/Pods-WeatherChecker-frameworks-${CONFIGURATION}-input-files.xcfilelist",
			);
			name = "[CP] Embed Pods Frameworks";
			outputFileListPaths = (
				"${PODS_ROOT}/Target Support Files/Pods-WeatherChecker/Pods-WeatherChecker-frameworks-${CONFIGURATION}-output-files.xcfilelist",
			);
			runOnlyForDeploymentPostprocessing = 0;
			shellPath = /bin/sh;
			shellScript = "\"${PODS_ROOT}/Target Support Files/Pods-WeatherChecker/Pods-WeatherChecker-frameworks.sh\"\n";
			showEnvVarsInLog = 0;
		};
/* End PBXShellScriptBuildPhase section */

/* Begin PBXSourcesBuildPhase section */
		03A86F762AB1A461008CCAF7 /* Sources */ = {
			isa = PBXSourcesBuildPhase;
			buildActionMask = 2147483647;
			files = (
				03A86F822AB1A461008CCAF7 /* ViewController.swift in Sources */,
				03A86F7E2AB1A461008CCAF7 /* AppDelegate.swift in Sources */,
				03A86F802AB1A461008CCAF7 /* SceneDelegate.swift in Sources */,
			);
			runOnlyForDeploymentPostprocessing = 0;
		};
/* End PBXSourcesBuildPhase section */

/* Begin PBXVariantGroup section */
		03A86F832AB1A461008CCAF7 /* Main.storyboard */ = {
			isa = PBXVariantGroup;
			children = (
				03A86F842AB1A461008CCAF7 /* Base */,
			);
			name = Main.storyboard;
			sourceTree = "<group>";
		};
		03A86F882AB1A462008CCAF7 /* LaunchScreen.storyboard */ = {
			isa = PBXVariantGroup;
			children = (
				03A86F892AB1A462008CCAF7 /* Base */,
			);
			name = LaunchScreen.storyboard;
			sourceTree = "<group>";
		};
/* End PBXVariantGroup section */

/* Begin XCBuildConfiguration section */
		03A86F8C2AB1A462008CCAF7 /* Debug */ = {
			isa = XCBuildConfiguration;
			buildSettings = {
				ALWAYS_SEARCH_USER_PATHS = NO;
				CLANG_ANALYZER_NONNULL = YES;
				CLANG_ANALYZER_NUMBER_OBJECT_CONVERSION = YES_AGGRESSIVE;
				CLANG_CXX_LANGUAGE_STANDARD = "gnu++20";
				CLANG_ENABLE_MODULES = YES;
				CLANG_ENABLE_OBJC_ARC = YES;
				CLANG_ENABLE_OBJC_WEAK = YES;
				CLANG_WARN_BLOCK_CAPTURE_AUTORELEASING = YES;
				CLANG_WARN_BOOL_CONVERSION = YES;
				CLANG_WARN_COMMA = YES;
				CLANG_WARN_CONSTANT_CONVERSION = YES;
				CLANG_WARN_DEPRECATED_OBJC_IMPLEMENTATIONS = YES;
				CLANG_WARN_DIRECT_OBJC_ISA_USAGE = YES_ERROR;
				CLANG_WARN_DOCUMENTATION_COMMENTS = YES;
				CLANG_WARN_EMPTY_BODY = YES;
				CLANG_WARN_ENUM_CONVERSION = YES;
				CLANG_WARN_INFINITE_RECURSION = YES;
				CLANG_WARN_INT_CONVERSION = YES;
				CLANG_WARN_NON_LITERAL_NULL_CONVERSION = YES;
				CLANG_WARN_OBJC_IMPLICIT_RETAIN_SELF = YES;
				CLANG_WARN_OBJC_LITERAL_CONVERSION = YES;
				CLANG_WARN_OBJC_ROOT_CLASS = YES_ERROR;
				CLANG_WARN_QUOTED_INCLUDE_IN_FRAMEWORK_HEADER = YES;
				CLANG_WARN_RANGE_LOOP_ANALYSIS = YES;
				CLANG_WARN_STRICT_PROTOTYPES = YES;
				CLANG_WARN_SUSPICIOUS_MOVE = YES;
				CLANG_WARN_UNGUARDED_AVAILABILITY = YES_AGGRESSIVE;
				CLANG_WARN_UNREACHABLE_CODE = YES;
				CLANG_WARN__DUPLICATE_METHOD_MATCH = YES;
				COPY_PHASE_STRIP = NO;
				DEBUG_INFORMATION_FORMAT = dwarf;
				ENABLE_STRICT_OBJC_MSGSEND = YES;
				ENABLE_TESTABILITY = YES;
				GCC_C_LANGUAGE_STANDARD = gnu11;
				GCC_DYNAMIC_NO_PIC = NO;
				GCC_NO_COMMON_BLOCKS = YES;
				GCC_OPTIMIZATION_LEVEL = 0;
				GCC_PREPROCESSOR_DEFINITIONS = (
					"DEBUG=1",
					"$(inherited)",
				);
				GCC_WARN_64_TO_32_BIT_CONVERSION = YES;
				GCC_WARN_ABOUT_RETURN_TYPE = YES_ERROR;
				GCC_WARN_UNDECLARED_SELECTOR = YES;
				GCC_WARN_UNINITIALIZED_AUTOS = YES_AGGRESSIVE;
				GCC_WARN_UNUSED_FUNCTION = YES;
				GCC_WARN_UNUSED_VARIABLE = YES;
				IPHONEOS_DEPLOYMENT_TARGET = 16.4;
				MTL_ENABLE_DEBUG_INFO = INCLUDE_SOURCE;
				MTL_FAST_MATH = YES;
				ONLY_ACTIVE_ARCH = YES;
				SDKROOT = iphoneos;
				SWIFT_ACTIVE_COMPILATION_CONDITIONS = DEBUG;
				SWIFT_OPTIMIZATION_LEVEL = "-Onone";
			};
			name = Debug;
		};
		03A86F8D2AB1A462008CCAF7 /* Release */ = {
			isa = XCBuildConfiguration;
			buildSettings = {
				ALWAYS_SEARCH_USER_PATHS = NO;
				CLANG_ANALYZER_NONNULL = YES;
				CLANG_ANALYZER_NUMBER_OBJECT_CONVERSION = YES_AGGRESSIVE;
				CLANG_CXX_LANGUAGE_STANDARD = "gnu++20";
				CLANG_ENABLE_MODULES = YES;
				CLANG_ENABLE_OBJC_ARC = YES;
				CLANG_ENABLE_OBJC_WEAK = YES;
				CLANG_WARN_BLOCK_CAPTURE_AUTORELEASING = YES;
				CLANG_WARN_BOOL_CONVERSION = YES;
				CLANG_WARN_COMMA = YES;
				CLANG_WARN_CONSTANT_CONVERSION = YES;
				CLANG_WARN_DEPRECATED_OBJC_IMPLEMENTATIONS = YES;
				CLANG_WARN_DIRECT_OBJC_ISA_USAGE = YES_ERROR;
				CLANG_WARN_DOCUMENTATION_COMMENTS = YES;
				CLANG_WARN_EMPTY_BODY = YES;
				CLANG_WARN_ENUM_CONVERSION = YES;
				CLANG_WARN_INFINITE_RECURSION = YES;
				CLANG_WARN_INT_CONVERSION = YES;
				CLANG_WARN_NON_LITERAL_NULL_CONVERSION = YES;
				CLANG_WARN_OBJC_IMPLICIT_RETAIN_SELF = YES;
				CLANG_WARN_OBJC_LITERAL_CONVERSION = YES;
				CLANG_WARN_OBJC_ROOT_CLASS = YES_ERROR;
				CLANG_WARN_QUOTED_INCLUDE_IN_FRAMEWORK_HEADER = YES;
				CLANG_WARN_RANGE_LOOP_ANALYSIS = YES;
				CLANG_WARN_STRICT_PROTOTYPES = YES;
				CLANG_WARN_SUSPICIOUS_MOVE = YES;
				CLANG_WARN_UNGUARDED_AVAILABILITY = YES_AGGRESSIVE;
				CLANG_WARN_UNREACHABLE_CODE = YES;
				CLANG_WARN__DUPLICATE_METHOD_MATCH = YES;
				COPY_PHASE_STRIP = NO;
				DEBUG_INFORMATION_FORMAT = "dwarf-with-dsym";
				ENABLE_NS_ASSERTIONS = NO;
				ENABLE_STRICT_OBJC_MSGSEND = YES;
				GCC_C_LANGUAGE_STANDARD = gnu11;
				GCC_NO_COMMON_BLOCKS = YES;
				GCC_WARN_64_TO_32_BIT_CONVERSION = YES;
				GCC_WARN_ABOUT_RETURN_TYPE = YES_ERROR;
				GCC_WARN_UNDECLARED_SELECTOR = YES;
				GCC_WARN_UNINITIALIZED_AUTOS = YES_AGGRESSIVE;
				GCC_WARN_UNUSED_FUNCTION = YES;
				GCC_WARN_UNUSED_VARIABLE = YES;
				IPHONEOS_DEPLOYMENT_TARGET = 16.4;
				MTL_ENABLE_DEBUG_INFO = NO;
				MTL_FAST_MATH = YES;
				SDKROOT = iphoneos;
				SWIFT_COMPILATION_MODE = wholemodule;
				SWIFT_OPTIMIZATION_LEVEL = "-O";
				VALIDATE_PRODUCT = YES;
			};
			name = Release;
		};
		03A86F8F2AB1A462008CCAF7 /* Debug */ = {
			isa = XCBuildConfiguration;
			baseConfigurationReference = C0CA0BB813E12ED418A76ADC /* Pods-WeatherChecker.debug.xcconfig */;
			buildSettings = {
				ASSETCATALOG_COMPILER_APPICON_NAME = AppIcon;
				ASSETCATALOG_COMPILER_GLOBAL_ACCENT_COLOR_NAME = AccentColor;
				CODE_SIGN_STYLE = Automatic;
				CURRENT_PROJECT_VERSION = 1;
				GENERATE_INFOPLIST_FILE = YES;
				INFOPLIST_FILE = WeatherChecker/Info.plist;
				INFOPLIST_KEY_UIApplicationSupportsIndirectInputEvents = YES;
				INFOPLIST_KEY_UILaunchStoryboardName = LaunchScreen;
				INFOPLIST_KEY_UIMainStoryboardFile = Main;
				INFOPLIST_KEY_UISupportedInterfaceOrientations_iPad = "UIInterfaceOrientationPortrait UIInterfaceOrientationPortraitUpsideDown UIInterfaceOrientationLandscapeLeft UIInterfaceOrientationLandscapeRight";
				INFOPLIST_KEY_UISupportedInterfaceOrientations_iPhone = "UIInterfaceOrientationPortrait UIInterfaceOrientationLandscapeLeft UIInterfaceOrientationLandscapeRight";
				LD_RUNPATH_SEARCH_PATHS = (
					"$(inherited)",
					"@executable_path/Frameworks",
				);
				MARKETING_VERSION = 1.0;
				PRODUCT_BUNDLE_IDENTIFIER = com.chaoscutesoft.WeatherChecker;
				PRODUCT_NAME = "$(TARGET_NAME)";
				SWIFT_EMIT_LOC_STRINGS = YES;
				SWIFT_VERSION = 5.0;
				TARGETED_DEVICE_FAMILY = "1,2";
			};
			name = Debug;
		};
		03A86F902AB1A462008CCAF7 /* Release */ = {
			isa = XCBuildConfiguration;
			baseConfigurationReference = DFBC34D7F2E1EA12D7DAD806 /* Pods-WeatherChecker.release.xcconfig */;
			buildSettings = {
				ASSETCATALOG_COMPILER_APPICON_NAME = AppIcon;
				ASSETCATALOG_COMPILER_GLOBAL_ACCENT_COLOR_NAME = AccentColor;
				CODE_SIGN_STYLE = Automatic;
				CURRENT_PROJECT_VERSION = 1;
				GENERATE_INFOPLIST_FILE = YES;
				INFOPLIST_FILE = WeatherChecker/Info.plist;
				INFOPLIST_KEY_UIApplicationSupportsIndirectInputEvents = YES;
				INFOPLIST_KEY_UILaunchStoryboardName = LaunchScreen;
				INFOPLIST_KEY_UIMainStoryboardFile = Main;
				INFOPLIST_KEY_UISupportedInterfaceOrientations_iPad = "UIInterfaceOrientationPortrait UIInterfaceOrientationPortraitUpsideDown UIInterfaceOrientationLandscapeLeft UIInterfaceOrientationLandscapeRight";
				INFOPLIST_KEY_UISupportedInterfaceOrientations_iPhone = "UIInterfaceOrientationPortrait UIInterfaceOrientationLandscapeLeft UIInterfaceOrientationLandscapeRight";
				LD_RUNPATH_SEARCH_PATHS = (
					"$(inherited)",
					"@executable_path/Frameworks",
				);
				MARKETING_VERSION = 1.0;
				PRODUCT_BUNDLE_IDENTIFIER = com.chaoscutesoft.WeatherChecker;
				PRODUCT_NAME = "$(TARGET_NAME)";
				SWIFT_EMIT_LOC_STRINGS = YES;
				SWIFT_VERSION = 5.0;
				TARGETED_DEVICE_FAMILY = "1,2";
			};
			name = Release;
		};
/* End XCBuildConfiguration section */

/* Begin XCConfigurationList section */
		03A86F752AB1A461008CCAF7 /* Build configuration list for PBXProject "WeatherChecker" */ = {
			isa = XCConfigurationList;
			buildConfigurations = (
				03A86F8C2AB1A462008CCAF7 /* Debug */,
				03A86F8D2AB1A462008CCAF7 /* Release */,
			);
			defaultConfigurationIsVisible = 0;
			defaultConfigurationName = Release;
		};
		03A86F8E2AB1A462008CCAF7 /* Build configuration list for PBXNativeTarget "WeatherChecker" */ = {
			isa = XCConfigurationList;
			buildConfigurations = (
				03A86F8F2AB1A462008CCAF7 /* Debug */,
				03A86F902AB1A462008CCAF7 /* Release */,
			);
			defaultConfigurationIsVisible = 0;
			defaultConfigurationName = Release;
		};
/* End XCConfigurationList section */
	};
	rootObject = 03A86F722AB1A461008CCAF7 /* Project object */;
}
